// !$*UTF8*$!
{
	archiveVersion = 1;
	classes = {
	};
	objectVersion = 56;
	objects = {

/* Begin PBXBuildFile section */
		8C3B46372B663134005E7230 /* PizzaCalculatorApp.swift in Sources */ = {isa = PBXBuildFile; fileRef = 8C3B46362B663134005E7230 /* PizzaCalculatorApp.swift */; };
		8C3B46392B663134005E7230 /* ContentView.swift in Sources */ = {isa = PBXBuildFile; fileRef = 8C3B46382B663134005E7230 /* ContentView.swift */; };
		8C3B463B2B663136005E7230 /* Assets.xcassets in Resources */ = {isa = PBXBuildFile; fileRef = 8C3B463A2B663136005E7230 /* Assets.xcassets */; };
		8C3B463E2B663136005E7230 /* Preview Assets.xcassets in Resources */ = {isa = PBXBuildFile; fileRef = 8C3B463D2B663136005E7230 /* Preview Assets.xcassets */; };
		8C3B46452B66314D005E7230 /* PoolishRecipeFormSection.swift in Sources */ = {isa = PBXBuildFile; fileRef = 8C3B46442B66314D005E7230 /* PoolishRecipeFormSection.swift */; };
		8C3B46472B663154005E7230 /* QuickRecipeForm.swift in Sources */ = {isa = PBXBuildFile; fileRef = 8C3B46462B663154005E7230 /* QuickRecipeForm.swift */; };
		8C3B46492B6631C8005E7230 /* TextRow.swift in Sources */ = {isa = PBXBuildFile; fileRef = 8C3B46482B6631C8005E7230 /* TextRow.swift */; };
		8C3B464B2B6633C7005E7230 /* PoolishRecipe.swift in Sources */ = {isa = PBXBuildFile; fileRef = 8C3B464A2B6633C7005E7230 /* PoolishRecipe.swift */; };
		8C3B464D2B6635A3005E7230 /* QuickRecipe.swift in Sources */ = {isa = PBXBuildFile; fileRef = 8C3B464C2B6635A3005E7230 /* QuickRecipe.swift */; };
/* End PBXBuildFile section */

/* Begin PBXFileReference section */
		8C3B46332B663134005E7230 /* PizzaCalculator.app */ = {isa = PBXFileReference; explicitFileType = wrapper.application; includeInIndex = 0; path = PizzaCalculator.app; sourceTree = BUILT_PRODUCTS_DIR; };
		8C3B46362B663134005E7230 /* PizzaCalculatorApp.swift */ = {isa = PBXFileReference; lastKnownFileType = sourcecode.swift; path = PizzaCalculatorApp.swift; sourceTree = "<group>"; };
		8C3B46382B663134005E7230 /* ContentView.swift */ = {isa = PBXFileReference; lastKnownFileType = sourcecode.swift; path = ContentView.swift; sourceTree = "<group>"; };
		8C3B463A2B663136005E7230 /* Assets.xcassets */ = {isa = PBXFileReference; lastKnownFileType = folder.assetcatalog; path = Assets.xcassets; sourceTree = "<group>"; };
		8C3B463D2B663136005E7230 /* Preview Assets.xcassets */ = {isa = PBXFileReference; lastKnownFileType = folder.assetcatalog; path = "Preview Assets.xcassets"; sourceTree = "<group>"; };
		8C3B46442B66314D005E7230 /* PoolishRecipeFormSection.swift */ = {isa = PBXFileReference; lastKnownFileType = sourcecode.swift; path = PoolishRecipeFormSection.swift; sourceTree = "<group>"; };
		8C3B46462B663154005E7230 /* QuickRecipeForm.swift */ = {isa = PBXFileReference; lastKnownFileType = sourcecode.swift; path = QuickRecipeForm.swift; sourceTree = "<group>"; };
		8C3B46482B6631C8005E7230 /* TextRow.swift */ = {isa = PBXFileReference; lastKnownFileType = sourcecode.swift; path = TextRow.swift; sourceTree = "<group>"; };
		8C3B464A2B6633C7005E7230 /* PoolishRecipe.swift */ = {isa = PBXFileReference; lastKnownFileType = sourcecode.swift; path = PoolishRecipe.swift; sourceTree = "<group>"; };
		8C3B464C2B6635A3005E7230 /* QuickRecipe.swift */ = {isa = PBXFileReference; lastKnownFileType = sourcecode.swift; path = QuickRecipe.swift; sourceTree = "<group>"; };
/* End PBXFileReference section */

/* Begin PBXFrameworksBuildPhase section */
		8C3B46302B663134005E7230 /* Frameworks */ = {
			isa = PBXFrameworksBuildPhase;
			buildActionMask = 2147483647;
			files = (
			);
			runOnlyForDeploymentPostprocessing = 0;
		};
/* End PBXFrameworksBuildPhase section */

/* Begin PBXGroup section */
		8C3B462A2B663134005E7230 = {
			isa = PBXGroup;
			children = (
				8C3B46352B663134005E7230 /* PizzaCalculator */,
				8C3B46342B663134005E7230 /* Products */,
			);
			sourceTree = "<group>";
		};
		8C3B46342B663134005E7230 /* Products */ = {
			isa = PBXGroup;
			children = (
				8C3B46332B663134005E7230 /* PizzaCalculator.app */,
			);
			name = Products;
			sourceTree = "<group>";
		};
		8C3B46352B663134005E7230 /* PizzaCalculator */ = {
			isa = PBXGroup;
			children = (
				8C3B46362B663134005E7230 /* PizzaCalculatorApp.swift */,
				8C3B46382B663134005E7230 /* ContentView.swift */,
				8C3B464C2B6635A3005E7230 /* QuickRecipe.swift */,
				8C3B464A2B6633C7005E7230 /* PoolishRecipe.swift */,
				8C3B46442B66314D005E7230 /* PoolishRecipeFormSection.swift */,
				8C3B46462B663154005E7230 /* QuickRecipeForm.swift */,
				8C3B46482B6631C8005E7230 /* TextRow.swift */,
				8C3B463A2B663136005E7230 /* Assets.xcassets */,
				8C3B463C2B663136005E7230 /* Preview Content */,
			);
			path = PizzaCalculator;
			sourceTree = "<group>";
		};
		8C3B463C2B663136005E7230 /* Preview Content */ = {
			isa = PBXGroup;
			children = (
				8C3B463D2B663136005E7230 /* Preview Assets.xcassets */,
			);
			path = "Preview Content";
			sourceTree = "<group>";
		};
/* End PBXGroup section */

/* Begin PBXNativeTarget section */
		8C3B46322B663134005E7230 /* PizzaCalculator */ = {
			isa = PBXNativeTarget;
			buildConfigurationList = 8C3B46412B663136005E7230 /* Build configuration list for PBXNativeTarget "PizzaCalculator" */;
			buildPhases = (
				8C3B462F2B663134005E7230 /* Sources */,
				8C3B46302B663134005E7230 /* Frameworks */,
				8C3B46312B663134005E7230 /* Resources */,
			);
			buildRules = (
			);
			dependencies = (
			);
			name = PizzaCalculator;
			productName = PizzaCalculator;
			productReference = 8C3B46332B663134005E7230 /* PizzaCalculator.app */;
			productType = "com.apple.product-type.application";
		};
/* End PBXNativeTarget section */

/* Begin PBXProject section */
		8C3B462B2B663134005E7230 /* Project object */ = {
			isa = PBXProject;
			attributes = {
				BuildIndependentTargetsInParallel = 1;
				LastSwiftUpdateCheck = 1520;
				LastUpgradeCheck = 1520;
				TargetAttributes = {
					8C3B46322B663134005E7230 = {
						CreatedOnToolsVersion = 15.2;
					};
				};
			};
			buildConfigurationList = 8C3B462E2B663134005E7230 /* Build configuration list for PBXProject "PizzaCalculator" */;
			compatibilityVersion = "Xcode 14.0";
			developmentRegion = en;
			hasScannedForEncodings = 0;
			knownRegions = (
				en,
				Base,
			);
			mainGroup = 8C3B462A2B663134005E7230;
			productRefGroup = 8C3B46342B663134005E7230 /* Products */;
			projectDirPath = "";
			projectRoot = "";
			targets = (
				8C3B46322B663134005E7230 /* PizzaCalculator */,
			);
		};
/* End PBXProject section */

/* Begin PBXResourcesBuildPhase section */
		8C3B46312B663134005E7230 /* Resources */ = {
			isa = PBXResourcesBuildPhase;
			buildActionMask = 2147483647;
			files = (
				8C3B463E2B663136005E7230 /* Preview Assets.xcassets in Resources */,
				8C3B463B2B663136005E7230 /* Assets.xcassets in Resources */,
			);
			runOnlyForDeploymentPostprocessing = 0;
		};
/* End PBXResourcesBuildPhase section */

/* Begin PBXSourcesBuildPhase section */
		8C3B462F2B663134005E7230 /* Sources */ = {
			isa = PBXSourcesBuildPhase;
			buildActionMask = 2147483647;
			files = (
				8C3B464B2B6633C7005E7230 /* PoolishRecipe.swift in Sources */,
				8C3B46492B6631C8005E7230 /* TextRow.swift in Sources */,
				8C3B46452B66314D005E7230 /* PoolishRecipeFormSection.swift in Sources */,
				8C3B46472B663154005E7230 /* QuickRecipeForm.swift in Sources */,
				8C3B46392B663134005E7230 /* ContentView.swift in Sources */,
				8C3B46372B663134005E7230 /* PizzaCalculatorApp.swift in Sources */,
				8C3B464D2B6635A3005E7230 /* QuickRecipe.swift in Sources */,
			);
			runOnlyForDeploymentPostprocessing = 0;
		};
/* End PBXSourcesBuildPhase section */

/* Begin XCBuildConfiguration section */
		8C3B463F2B663136005E7230 /* Debug */ = {
			isa = XCBuildConfiguration;
			buildSettings = {
				ALWAYS_SEARCH_USER_PATHS = NO;
				ASSETCATALOG_COMPILER_GENERATE_SWIFT_ASSET_SYMBOL_EXTENSIONS = YES;
				CLANG_ANALYZER_NONNULL = YES;
				CLANG_ANALYZER_NUMBER_OBJECT_CONVERSION = YES_AGGRESSIVE;
				CLANG_CXX_LANGUAGE_STANDARD = "gnu++20";
				CLANG_ENABLE_MODULES = YES;
				CLANG_ENABLE_OBJC_ARC = YES;
				CLANG_ENABLE_OBJC_WEAK = YES;
				CLANG_WARN_BLOCK_CAPTURE_AUTORELEASING = YES;
				CLANG_WARN_BOOL_CONVERSION = YES;
				CLANG_WARN_COMMA = YES;
				CLANG_WARN_CONSTANT_CONVERSION = YES;
				CLANG_WARN_DEPRECATED_OBJC_IMPLEMENTATIONS = YES;
				CLANG_WARN_DIRECT_OBJC_ISA_USAGE = YES_ERROR;
				CLANG_WARN_DOCUMENTATION_COMMENTS = YES;
				CLANG_WARN_EMPTY_BODY = YES;
				CLANG_WARN_ENUM_CONVERSION = YES;
				CLANG_WARN_INFINITE_RECURSION = YES;
				CLANG_WARN_INT_CONVERSION = YES;
				CLANG_WARN_NON_LITERAL_NULL_CONVERSION = YES;
				CLANG_WARN_OBJC_IMPLICIT_RETAIN_SELF = YES;
				CLANG_WARN_OBJC_LITERAL_CONVERSION = YES;
				CLANG_WARN_OBJC_ROOT_CLASS = YES_ERROR;
				CLANG_WARN_QUOTED_INCLUDE_IN_FRAMEWORK_HEADER = YES;
				CLANG_WARN_RANGE_LOOP_ANALYSIS = YES;
				CLANG_WARN_STRICT_PROTOTYPES = YES;
				CLANG_WARN_SUSPICIOUS_MOVE = YES;
				CLANG_WARN_UNGUARDED_AVAILABILITY = YES_AGGRESSIVE;
				CLANG_WARN_UNREACHABLE_CODE = YES;
				CLANG_WARN__DUPLICATE_METHOD_MATCH = YES;
				COPY_PHASE_STRIP = NO;
				DEBUG_INFORMATION_FORMAT = dwarf;
				ENABLE_STRICT_OBJC_MSGSEND = YES;
				ENABLE_TESTABILITY = YES;
				ENABLE_USER_SCRIPT_SANDBOXING = YES;
				GCC_C_LANGUAGE_STANDARD = gnu17;
				GCC_DYNAMIC_NO_PIC = NO;
				GCC_NO_COMMON_BLOCKS = YES;
				GCC_OPTIMIZATION_LEVEL = 0;
				GCC_PREPROCESSOR_DEFINITIONS = (
					"DEBUG=1",
					"$(inherited)",
				);
				GCC_WARN_64_TO_32_BIT_CONVERSION = YES;
				GCC_WARN_ABOUT_RETURN_TYPE = YES_ERROR;
				GCC_WARN_UNDECLARED_SELECTOR = YES;
				GCC_WARN_UNINITIALIZED_AUTOS = YES_AGGRESSIVE;
				GCC_WARN_UNUSED_FUNCTION = YES;
				GCC_WARN_UNUSED_VARIABLE = YES;
				IPHONEOS_DEPLOYMENT_TARGET = 17.2;
				LOCALIZATION_PREFERS_STRING_CATALOGS = YES;
				MTL_ENABLE_DEBUG_INFO = INCLUDE_SOURCE;
				MTL_FAST_MATH = YES;
				ONLY_ACTIVE_ARCH = YES;
				SDKROOT = iphoneos;
				SWIFT_ACTIVE_COMPILATION_CONDITIONS = "DEBUG $(inherited)";
				SWIFT_OPTIMIZATION_LEVEL = "-Onone";
			};
			name = Debug;
		};
		8C3B46402B663136005E7230 /* Release */ = {
			isa = XCBuildConfiguration;
			buildSettings = {
				ALWAYS_SEARCH_USER_PATHS = NO;
				ASSETCATALOG_COMPILER_GENERATE_SWIFT_ASSET_SYMBOL_EXTENSIONS = YES;
				CLANG_ANALYZER_NONNULL = YES;
				CLANG_ANALYZER_NUMBER_OBJECT_CONVERSION = YES_AGGRESSIVE;
				CLANG_CXX_LANGUAGE_STANDARD = "gnu++20";
				CLANG_ENABLE_MODULES = YES;
				CLANG_ENABLE_OBJC_ARC = YES;
				CLANG_ENABLE_OBJC_WEAK = YES;
				CLANG_WARN_BLOCK_CAPTURE_AUTORELEASING = YES;
				CLANG_WARN_BOOL_CONVERSION = YES;
				CLANG_WARN_COMMA = YES;
				CLANG_WARN_CONSTANT_CONVERSION = YES;
				CLANG_WARN_DEPRECATED_OBJC_IMPLEMENTATIONS = YES;
				CLANG_WARN_DIRECT_OBJC_ISA_USAGE = YES_ERROR;
				CLANG_WARN_DOCUMENTATION_COMMENTS = YES;
				CLANG_WARN_EMPTY_BODY = YES;
				CLANG_WARN_ENUM_CONVERSION = YES;
				CLANG_WARN_INFINITE_RECURSION = YES;
				CLANG_WARN_INT_CONVERSION = YES;
				CLANG_WARN_NON_LITERAL_NULL_CONVERSION = YES;
				CLANG_WARN_OBJC_IMPLICIT_RETAIN_SELF = YES;
				CLANG_WARN_OBJC_LITERAL_CONVERSION = YES;
				CLANG_WARN_OBJC_ROOT_CLASS = YES_ERROR;
				CLANG_WARN_QUOTED_INCLUDE_IN_FRAMEWORK_HEADER = YES;
				CLANG_WARN_RANGE_LOOP_ANALYSIS = YES;
				CLANG_WARN_STRICT_PROTOTYPES = YES;
				CLANG_WARN_SUSPICIOUS_MOVE = YES;
				CLANG_WARN_UNGUARDED_AVAILABILITY = YES_AGGRESSIVE;
				CLANG_WARN_UNREACHABLE_CODE = YES;
				CLANG_WARN__DUPLICATE_METHOD_MATCH = YES;
				COPY_PHASE_STRIP = NO;
				DEBUG_INFORMATION_FORMAT = "dwarf-with-dsym";
				ENABLE_NS_ASSERTIONS = NO;
				ENABLE_STRICT_OBJC_MSGSEND = YES;
				ENABLE_USER_SCRIPT_SANDBOXING = YES;
				GCC_C_LANGUAGE_STANDARD = gnu17;
				GCC_NO_COMMON_BLOCKS = YES;
				GCC_WARN_64_TO_32_BIT_CONVERSION = YES;
				GCC_WARN_ABOUT_RETURN_TYPE = YES_ERROR;
				GCC_WARN_UNDECLARED_SELECTOR = YES;
				GCC_WARN_UNINITIALIZED_AUTOS = YES_AGGRESSIVE;
				GCC_WARN_UNUSED_FUNCTION = YES;
				GCC_WARN_UNUSED_VARIABLE = YES;
				IPHONEOS_DEPLOYMENT_TARGET = 17.2;
				LOCALIZATION_PREFERS_STRING_CATALOGS = YES;
				MTL_ENABLE_DEBUG_INFO = NO;
				MTL_FAST_MATH = YES;
				SDKROOT = iphoneos;
				SWIFT_COMPILATION_MODE = wholemodule;
				VALIDATE_PRODUCT = YES;
			};
			name = Release;
		};
		8C3B46422B663136005E7230 /* Debug */ = {
			isa = XCBuildConfiguration;
			buildSettings = {
				ASSETCATALOG_COMPILER_APPICON_NAME = AppIcon;
				ASSETCATALOG_COMPILER_GLOBAL_ACCENT_COLOR_NAME = AccentColor;
				CODE_SIGN_STYLE = Automatic;
				CURRENT_PROJECT_VERSION = 1;
				DEVELOPMENT_ASSET_PATHS = "\"PizzaCalculator/Preview Content\"";
				ENABLE_PREVIEWS = YES;
				GENERATE_INFOPLIST_FILE = YES;
				INFOPLIST_KEY_UIApplicationSceneManifest_Generation = YES;
				INFOPLIST_KEY_UIApplicationSupportsIndirectInputEvents = YES;
				INFOPLIST_KEY_UILaunchScreen_Generation = YES;
				INFOPLIST_KEY_UISupportedInterfaceOrientations_iPad = "UIInterfaceOrientationPortrait UIInterfaceOrientationPortraitUpsideDown UIInterfaceOrientationLandscapeLeft UIInterfaceOrientationLandscapeRight";
				INFOPLIST_KEY_UISupportedInterfaceOrientations_iPhone = "UIInterfaceOrientationPortrait UIInterfaceOrientationLandscapeLeft UIInterfaceOrientationLandscapeRight";
				LD_RUNPATH_SEARCH_PATHS = (
					"$(inherited)",
					"@executable_path/Frameworks",
				);
				MARKETING_VERSION = 1.0;
				PRODUCT_BUNDLE_IDENTIFIER = me.zack.adams.PizzaCalculator;
				PRODUCT_NAME = "$(TARGET_NAME)";
				SWIFT_EMIT_LOC_STRINGS = YES;
				SWIFT_VERSION = 5.0;
				TARGETED_DEVICE_FAMILY = "1,2";
			};
			name = Debug;
		};
		8C3B46432B663136005E7230 /* Release */ = {
			isa = XCBuildConfiguration;
			buildSettings = {
				ASSETCATALOG_COMPILER_APPICON_NAME = AppIcon;
				ASSETCATALOG_COMPILER_GLOBAL_ACCENT_COLOR_NAME = AccentColor;
				CODE_SIGN_STYLE = Automatic;
				CURRENT_PROJECT_VERSION = 1;
				DEVELOPMENT_ASSET_PATHS = "\"PizzaCalculator/Preview Content\"";
				ENABLE_PREVIEWS = YES;
				GENERATE_INFOPLIST_FILE = YES;
				INFOPLIST_KEY_UIApplicationSceneManifest_Generation = YES;
				INFOPLIST_KEY_UIApplicationSupportsIndirectInputEvents = YES;
				INFOPLIST_KEY_UILaunchScreen_Generation = YES;
				INFOPLIST_KEY_UISupportedInterfaceOrientations_iPad = "UIInterfaceOrientationPortrait UIInterfaceOrientationPortraitUpsideDown UIInterfaceOrientationLandscapeLeft UIInterfaceOrientationLandscapeRight";
				INFOPLIST_KEY_UISupportedInterfaceOrientations_iPhone = "UIInterfaceOrientationPortrait UIInterfaceOrientationLandscapeLeft UIInterfaceOrientationLandscapeRight";
				LD_RUNPATH_SEARCH_PATHS = (
					"$(inherited)",
					"@executable_path/Frameworks",
				);
				MARKETING_VERSION = 1.0;
				PRODUCT_BUNDLE_IDENTIFIER = me.zack.adams.PizzaCalculator;
				PRODUCT_NAME = "$(TARGET_NAME)";
				SWIFT_EMIT_LOC_STRINGS = YES;
				SWIFT_VERSION = 5.0;
				TARGETED_DEVICE_FAMILY = "1,2";
			};
			name = Release;
		};
/* End XCBuildConfiguration section */

/* Begin XCConfigurationList section */
		8C3B462E2B663134005E7230 /* Build configuration list for PBXProject "PizzaCalculator" */ = {
			isa = XCConfigurationList;
			buildConfigurations = (
				8C3B463F2B663136005E7230 /* Debug */,
				8C3B46402B663136005E7230 /* Release */,
			);
			defaultConfigurationIsVisible = 0;
			defaultConfigurationName = Release;
		};
		8C3B46412B663136005E7230 /* Build configuration list for PBXNativeTarget "PizzaCalculator" */ = {
			isa = XCConfigurationList;
			buildConfigurations = (
				8C3B46422B663136005E7230 /* Debug */,
				8C3B46432B663136005E7230 /* Release */,
			);
			defaultConfigurationIsVisible = 0;
			defaultConfigurationName = Release;
		};
/* End XCConfigurationList section */
	};
	rootObject = 8C3B462B2B663134005E7230 /* Project object */;
}
